
Microsoft Visual Studio Solution File, Format Version 12.00
# Visual Studio 15
Project("{FAE04EC0-301F-11D3-BF4B-00C04F79EFBC}") = "UnityEngine.TestRunner", "UnityEngine.TestRunner.csproj", "{2A8A5BAB-F83C-5037-619E-B184EB9A79B6}"
EndProject
Project("{FAE04EC0-301F-11D3-BF4B-00C04F79EFBC}") = "Unity.VisualScripting.Flow", "Unity.VisualScripting.Flow.csproj", "{7C9790B6-7A9F-A0D1-9144-C82F7E19D21D}"
EndProject
Project("{FAE04EC0-301F-11D3-BF4B-00C04F79EFBC}") = "Unity.VisualScripting.State", "Unity.VisualScripting.State.csproj", "{78262067-CA96-3AFE-5CC2-A15EB9484126}"
EndProject
Project("{FAE04EC0-301F-11D3-BF4B-00C04F79EFBC}") = "Unity.VisualScripting.Core", "Unity.VisualScripting.Core.csproj", "{431DCAD3-3AFF-3082-236C-0B1CF64FC590}"
EndProject
Project("{FAE04EC0-301F-11D3-BF4B-00C04F79EFBC}") = "Unity.TextMeshPro", "Unity.TextMeshPro.csproj", "{7EDD5FD6-D683-53B2-DB27-2E22716EE65A}"
EndProject
Project("{FAE04EC0-301F-11D3-BF4B-00C04F79EFBC}") = "Unity.Timeline", "Unity.Timeline.csproj", "{55878898-0C05-0AF8-E5A7-A89F135CC614}"
EndProject
Project("{FAE04EC0-301F-11D3-BF4B-00C04F79EFBC}") = "Assembly-CSharp", "Assembly-CSharp.csproj", "{37638152-E92E-7B54-4E26-7D38218248EB}"
EndProject
Project("{FAE04EC0-301F-11D3-BF4B-00C04F79EFBC}") = "Unity.PlasticSCM.Editor", "Unity.PlasticSCM.Editor.csproj", "{54F42BE0-2957-5FA4-957B-3527CA996834}"
EndProject
Project("{FAE04EC0-301F-11D3-BF4B-00C04F79EFBC}") = "Unity.VisualScripting.Core.Editor", "Unity.VisualScripting.Core.Editor.csproj", "{5B2AC43E-3548-D6BE-44B5-0AD6E23759C6}"
EndProject
Project("{FAE04EC0-301F-11D3-BF4B-00C04F79EFBC}") = "Unity.VisualScripting.Flow.Editor", "Unity.VisualScripting.Flow.Editor.csproj", "{E0042BD6-1719-25FB-0885-80C8B031418E}"
EndProject
Project("{FAE04EC0-301F-11D3-BF4B-00C04F79EFBC}") = "Unity.VisualStudio.Editor", "Unity.VisualStudio.Editor.csproj", "{7FA058C9-F73B-8C48-C706-EF3921917BC0}"
EndProject
Project("{FAE04EC0-301F-11D3-BF4B-00C04F79EFBC}") = "Unity.Timeline.Editor", "Unity.Timeline.Editor.csproj", "{9203B293-F181-ECB5-EF2A-ED3A18995E50}"
EndProject
Project("{FAE04EC0-301F-11D3-BF4B-00C04F79EFBC}") = "Unity.VisualScripting.State.Editor", "Unity.VisualScripting.State.Editor.csproj", "{60F4FF52-938D-B2A0-04BC-26BFAB1A74F1}"
EndProject
Project("{FAE04EC0-301F-11D3-BF4B-00C04F79EFBC}") = "Unity.TextMeshPro.Editor", "Unity.TextMeshPro.Editor.csproj", "{3A49C500-10F9-F2A1-5FCF-1998F67BA958}"
EndProject
Project("{FAE04EC0-301F-11D3-BF4B-00C04F79EFBC}") = "Unity.VisualScripting.SettingsProvider.Editor", "Unity.VisualScripting.SettingsProvider.Editor.csproj", "{02C2864B-EB43-2FA5-960D-C769B091E593}"
EndProject
Project("{FAE04EC0-301F-11D3-BF4B-00C04F79EFBC}") = "UnityEditor.TestRunner", "UnityEditor.TestRunner.csproj", "{A3B8ED40-81B1-9F61-33E0-FC31B64F2163}"
EndProject
Project("{FAE04EC0-301F-11D3-BF4B-00C04F79EFBC}") = "Unity.TestTools.CodeCoverage.Editor", "Unity.TestTools.CodeCoverage.Editor.csproj", "{8A3FD051-092C-6F31-7FCA-52EA44175C22}"
EndProject
Project("{FAE04EC0-301F-11D3-BF4B-00C04F79EFBC}") = "Unity.Rider.Editor", "Unity.Rider.Editor.csproj", "{D319FF89-C08A-267A-89AB-5178E0E64483}"
EndProject
Project("{FAE04EC0-301F-11D3-BF4B-00C04F79EFBC}") = "Unity.Performance.Profile-Analyzer.Editor", "Unity.Performance.Profile-Analyzer.Editor.csproj", "{BF834206-289E-DBDF-5A24-A591F1016D03}"
EndProject
Project("{FAE04EC0-301F-11D3-BF4B-00C04F79EFBC}") = "Unity.VSCode.Editor", "Unity.VSCode.Editor.csproj", "{44B0D53B-29C5-C45D-ACF2-3770974AAA3F}"
EndProject
Project("{FAE04EC0-301F-11D3-BF4B-00C04F79EFBC}") = "Unity.TestTools.CodeCoverage.Editor.OpenCover.Model", "Unity.TestTools.CodeCoverage.Editor.OpenCover.Model.csproj", "{5F8AA59F-B2D0-CA2E-C093-E24F9A7E7AFC}"
EndProject
Project("{FAE04EC0-301F-11D3-BF4B-00C04F79EFBC}") = "Unity.EditorCoroutines.Editor", "Unity.EditorCoroutines.Editor.csproj", "{A0C7A791-269D-43F7-15E2-8A259905E913}"
EndProject
Project("{FAE04EC0-301F-11D3-BF4B-00C04F79EFBC}") = "Unity.Settings.Editor", "Unity.Settings.Editor.csproj", "{63C75629-D08F-F2AD-800D-B204668A0BDB}"
EndProject
Project("{FAE04EC0-301F-11D3-BF4B-00C04F79EFBC}") = "Unity.CollabProxy.Editor", "Unity.CollabProxy.Editor.csproj", "{2F693A7F-A266-E165-460F-08E3C45D472C}"
EndProject
Project("{FAE04EC0-301F-11D3-BF4B-00C04F79EFBC}") = "Unity.TestTools.CodeCoverage.Editor.OpenCover.Mono.Reflection", "Unity.TestTools.CodeCoverage.Editor.OpenCover.Mono.Reflection.csproj", "{9F6CD7CA-10DE-0A6F-4E28-3114B610140C}"
EndProject
Project("{FAE04EC0-301F-11D3-BF4B-00C04F79EFBC}") = "Unity.VisualScripting.Shared.Editor", "Unity.VisualScripting.Shared.Editor.csproj", "{F7B93DDF-6BD4-6D60-28CF-921A520391B3}"
EndProject
Global
	GlobalSection(SolutionConfigurationPlatforms) = preSolution
		Debug|Any CPU = Debug|Any CPU
		Release|Any CPU = Release|Any CPU
	EndGlobalSection
	GlobalSection(ProjectConfigurationPlatforms) = postSolution
		{2A8A5BAB-F83C-5037-619E-B184EB9A79B6}.Debug|Any CPU.ActiveCfg = Debug|Any CPU
		{2A8A5BAB-F83C-5037-619E-B184EB9A79B6}.Debug|Any CPU.Build.0 = Debug|Any CPU
		{2A8A5BAB-F83C-5037-619E-B184EB9A79B6}.Release|Any CPU.ActiveCfg = Release|Any CPU
		{2A8A5BAB-F83C-5037-619E-B184EB9A79B6}.Release|Any CPU.Build.0 = Release|Any CPU
		{7C9790B6-7A9F-A0D1-9144-C82F7E19D21D}.Debug|Any CPU.ActiveCfg = Debug|Any CPU
		{7C9790B6-7A9F-A0D1-9144-C82F7E19D21D}.Debug|Any CPU.Build.0 = Debug|Any CPU
		{7C9790B6-7A9F-A0D1-9144-C82F7E19D21D}.Release|Any CPU.ActiveCfg = Release|Any CPU
		{7C9790B6-7A9F-A0D1-9144-C82F7E19D21D}.Release|Any CPU.Build.0 = Release|Any CPU
		{78262067-CA96-3AFE-5CC2-A15EB9484126}.Debug|Any CPU.ActiveCfg = Debug|Any CPU
		{78262067-CA96-3AFE-5CC2-A15EB9484126}.Debug|Any CPU.Build.0 = Debug|Any CPU
		{78262067-CA96-3AFE-5CC2-A15EB9484126}.Release|Any CPU.ActiveCfg = Release|Any CPU
		{78262067-CA96-3AFE-5CC2-A15EB9484126}.Release|Any CPU.Build.0 = Release|Any CPU
		{431DCAD3-3AFF-3082-236C-0B1CF64FC590}.Debug|Any CPU.ActiveCfg = Debug|Any CPU
		{431DCAD3-3AFF-3082-236C-0B1CF64FC590}.Debug|Any CPU.Build.0 = Debug|Any CPU
		{431DCAD3-3AFF-3082-236C-0B1CF64FC590}.Release|Any CPU.ActiveCfg = Release|Any CPU
		{431DCAD3-3AFF-3082-236C-0B1CF64FC590}.Release|Any CPU.Build.0 = Release|Any CPU
		{7EDD5FD6-D683-53B2-DB27-2E22716EE65A}.Debug|Any CPU.ActiveCfg = Debug|Any CPU
		{7EDD5FD6-D683-53B2-DB27-2E22716EE65A}.Debug|Any CPU.Build.0 = Debug|Any CPU
		{7EDD5FD6-D683-53B2-DB27-2E22716EE65A}.Release|Any CPU.ActiveCfg = Release|Any CPU
		{7EDD5FD6-D683-53B2-DB27-2E22716EE65A}.Release|Any CPU.Build.0 = Release|Any CPU
		{55878898-0C05-0AF8-E5A7-A89F135CC614}.Debug|Any CPU.ActiveCfg = Debug|Any CPU
		{55878898-0C05-0AF8-E5A7-A89F135CC614}.Debug|Any CPU.Build.0 = Debug|Any CPU
		{55878898-0C05-0AF8-E5A7-A89F135CC614}.Release|Any CPU.ActiveCfg = Release|Any CPU
		{55878898-0C05-0AF8-E5A7-A89F135CC614}.Release|Any CPU.Build.0 = Release|Any CPU
		{37638152-E92E-7B54-4E26-7D38218248EB}.Debug|Any CPU.ActiveCfg = Debug|Any CPU
		{37638152-E92E-7B54-4E26-7D38218248EB}.Debug|Any CPU.Build.0 = Debug|Any CPU
		{37638152-E92E-7B54-4E26-7D38218248EB}.Release|Any CPU.ActiveCfg = Release|Any CPU
		{37638152-E92E-7B54-4E26-7D38218248EB}.Release|Any CPU.Build.0 = Release|Any CPU
		{54F42BE0-2957-5FA4-957B-3527CA996834}.Debug|Any CPU.ActiveCfg = Debug|Any CPU
		{54F42BE0-2957-5FA4-957B-3527CA996834}.Debug|Any CPU.Build.0 = Debug|Any CPU
		{54F42BE0-2957-5FA4-957B-3527CA996834}.Release|Any CPU.ActiveCfg = Release|Any CPU
		{54F42BE0-2957-5FA4-957B-3527CA996834}.Release|Any CPU.Build.0 = Release|Any CPU
		{5B2AC43E-3548-D6BE-44B5-0AD6E23759C6}.Debug|Any CPU.ActiveCfg = Debug|Any CPU
		{5B2AC43E-3548-D6BE-44B5-0AD6E23759C6}.Debug|Any CPU.Build.0 = Debug|Any CPU
		{5B2AC43E-3548-D6BE-44B5-0AD6E23759C6}.Release|Any CPU.ActiveCfg = Release|Any CPU
		{5B2AC43E-3548-D6BE-44B5-0AD6E23759C6}.Release|Any CPU.Build.0 = Release|Any CPU
		{E0042BD6-1719-25FB-0885-80C8B031418E}.Debug|Any CPU.ActiveCfg = Debug|Any CPU
		{E0042BD6-1719-25FB-0885-80C8B031418E}.Debug|Any CPU.Build.0 = Debug|Any CPU
		{E0042BD6-1719-25FB-0885-80C8B031418E}.Release|Any CPU.ActiveCfg = Release|Any CPU
		{E0042BD6-1719-25FB-0885-80C8B031418E}.Release|Any CPU.Build.0 = Release|Any CPU
		{7FA058C9-F73B-8C48-C706-EF3921917BC0}.Debug|Any CPU.ActiveCfg = Debug|Any CPU
		{7FA058C9-F73B-8C48-C706-EF3921917BC0}.Debug|Any CPU.Build.0 = Debug|Any CPU
		{7FA058C9-F73B-8C48-C706-EF3921917BC0}.Release|Any CPU.ActiveCfg = Release|Any CPU
		{7FA058C9-F73B-8C48-C706-EF3921917BC0}.Release|Any CPU.Build.0 = Release|Any CPU
		{9203B293-F181-ECB5-EF2A-ED3A18995E50}.Debug|Any CPU.ActiveCfg = Debug|Any CPU
		{9203B293-F181-ECB5-EF2A-ED3A18995E50}.Debug|Any CPU.Build.0 = Debug|Any CPU
		{9203B293-F181-ECB5-EF2A-ED3A18995E50}.Release|Any CPU.ActiveCfg = Release|Any CPU
		{9203B293-F181-ECB5-EF2A-ED3A18995E50}.Release|Any CPU.Build.0 = Release|Any CPU
		{60F4FF52-938D-B2A0-04BC-26BFAB1A74F1}.Debug|Any CPU.ActiveCfg = Debug|Any CPU
		{60F4FF52-938D-B2A0-04BC-26BFAB1A74F1}.Debug|Any CPU.Build.0 = Debug|Any CPU
		{60F4FF52-938D-B2A0-04BC-26BFAB1A74F1}.Release|Any CPU.ActiveCfg = Release|Any CPU
		{60F4FF52-938D-B2A0-04BC-26BFAB1A74F1}.Release|Any CPU.Build.0 = Release|Any CPU
		{3A49C500-10F9-F2A1-5FCF-1998F67BA958}.Debug|Any CPU.ActiveCfg = Debug|Any CPU
		{3A49C500-10F9-F2A1-5FCF-1998F67BA958}.Debug|Any CPU.Build.0 = Debug|Any CPU
		{3A49C500-10F9-F2A1-5FCF-1998F67BA958}.Release|Any CPU.ActiveCfg = Release|Any CPU
		{3A49C500-10F9-F2A1-5FCF-1998F67BA958}.Release|Any CPU.Build.0 = Release|Any CPU
		{02C2864B-EB43-2FA5-960D-C769B091E593}.Debug|Any CPU.ActiveCfg = Debug|Any CPU
		{02C2864B-EB43-2FA5-960D-C769B091E593}.Debug|Any CPU.Build.0 = Debug|Any CPU
		{02C2864B-EB43-2FA5-960D-C769B091E593}.Release|Any CPU.ActiveCfg = Release|Any CPU
		{02C2864B-EB43-2FA5-960D-C769B091E593}.Release|Any CPU.Build.0 = Release|Any CPU
		{A3B8ED40-81B1-9F61-33E0-FC31B64F2163}.Debug|Any CPU.ActiveCfg = Debug|Any CPU
		{A3B8ED40-81B1-9F61-33E0-FC31B64F2163}.Debug|Any CPU.Build.0 = Debug|Any CPU
		{A3B8ED40-81B1-9F61-33E0-FC31B64F2163}.Release|Any CPU.ActiveCfg = Release|Any CPU
		{A3B8ED40-81B1-9F61-33E0-FC31B64F2163}.Release|Any CPU.Build.0 = Release|Any CPU
		{8A3FD051-092C-6F31-7FCA-52EA44175C22}.Debug|Any CPU.ActiveCfg = Debug|Any CPU
		{8A3FD051-092C-6F31-7FCA-52EA44175C22}.Debug|Any CPU.Build.0 = Debug|Any CPU
		{8A3FD051-092C-6F31-7FCA-52EA44175C22}.Release|Any CPU.ActiveCfg = Release|Any CPU
		{8A3FD051-092C-6F31-7FCA-52EA44175C22}.Release|Any CPU.Build.0 = Release|Any CPU
		{D319FF89-C08A-267A-89AB-5178E0E64483}.Debug|Any CPU.ActiveCfg = Debug|Any CPU
		{D319FF89-C08A-267A-89AB-5178E0E64483}.Debug|Any CPU.Build.0 = Debug|Any CPU
		{D319FF89-C08A-267A-89AB-5178E0E64483}.Release|Any CPU.ActiveCfg = Release|Any CPU
		{D319FF89-C08A-267A-89AB-5178E0E64483}.Release|Any CPU.Build.0 = Release|Any CPU
		{BF834206-289E-DBDF-5A24-A591F1016D03}.Debug|Any CPU.ActiveCfg = Debug|Any CPU
		{BF834206-289E-DBDF-5A24-A591F1016D03}.Debug|Any CPU.Build.0 = Debug|Any CPU
		{BF834206-289E-DBDF-5A24-A591F1016D03}.Release|Any CPU.ActiveCfg = Release|Any CPU
		{BF834206-289E-DBDF-5A24-A591F1016D03}.Release|Any CPU.Build.0 = Release|Any CPU
		{44B0D53B-29C5-C45D-ACF2-3770974AAA3F}.Debug|Any CPU.ActiveCfg = Debug|Any CPU
		{44B0D53B-29C5-C45D-ACF2-3770974AAA3F}.Debug|Any CPU.Build.0 = Debug|Any CPU
		{44B0D53B-29C5-C45D-ACF2-3770974AAA3F}.Release|Any CPU.ActiveCfg = Release|Any CPU
		{44B0D53B-29C5-C45D-ACF2-3770974AAA3F}.Release|Any CPU.Build.0 = Release|Any CPU
		{5F8AA59F-B2D0-CA2E-C093-E24F9A7E7AFC}.Debug|Any CPU.ActiveCfg = Debug|Any CPU
		{5F8AA59F-B2D0-CA2E-C093-E24F9A7E7AFC}.Debug|Any CPU.Build.0 = Debug|Any CPU
		{5F8AA59F-B2D0-CA2E-C093-E24F9A7E7AFC}.Release|Any CPU.ActiveCfg = Release|Any CPU
		{5F8AA59F-B2D0-CA2E-C093-E24F9A7E7AFC}.Release|Any CPU.Build.0 = Release|Any CPU
		{A0C7A791-269D-43F7-15E2-8A259905E913}.Debug|Any CPU.ActiveCfg = Debug|Any CPU
		{A0C7A791-269D-43F7-15E2-8A259905E913}.Debug|Any CPU.Build.0 = Debug|Any CPU
		{A0C7A791-269D-43F7-15E2-8A259905E913}.Release|Any CPU.ActiveCfg = Release|Any CPU
		{A0C7A791-269D-43F7-15E2-8A259905E913}.Release|Any CPU.Build.0 = Release|Any CPU
		{63C75629-D08F-F2AD-800D-B204668A0BDB}.Debug|Any CPU.ActiveCfg = Debug|Any CPU
		{63C75629-D08F-F2AD-800D-B204668A0BDB}.Debug|Any CPU.Build.0 = Debug|Any CPU
		{63C75629-D08F-F2AD-800D-B204668A0BDB}.Release|Any CPU.ActiveCfg = Release|Any CPU
		{63C75629-D08F-F2AD-800D-B204668A0BDB}.Release|Any CPU.Build.0 = Release|Any CPU
		{2F693A7F-A266-E165-460F-08E3C45D472C}.Debug|Any CPU.ActiveCfg = Debug|Any CPU
		{2F693A7F-A266-E165-460F-08E3C45D472C}.Debug|Any CPU.Build.0 = Debug|Any CPU
		{2F693A7F-A266-E165-460F-08E3C45D472C}.Release|Any CPU.ActiveCfg = Release|Any CPU
		{2F693A7F-A266-E165-460F-08E3C45D472C}.Release|Any CPU.Build.0 = Release|Any CPU
		{9F6CD7CA-10DE-0A6F-4E28-3114B610140C}.Debug|Any CPU.ActiveCfg = Debug|Any CPU
		{9F6CD7CA-10DE-0A6F-4E28-3114B610140C}.Debug|Any CPU.Build.0 = Debug|Any CPU
		{9F6CD7CA-10DE-0A6F-4E28-3114B610140C}.Release|Any CPU.ActiveCfg = Release|Any CPU
		{9F6CD7CA-10DE-0A6F-4E28-3114B610140C}.Release|Any CPU.Build.0 = Release|Any CPU
		{F7B93DDF-6BD4-6D60-28CF-921A520391B3}.Debug|Any CPU.ActiveCfg = Debug|Any CPU
		{F7B93DDF-6BD4-6D60-28CF-921A520391B3}.Debug|Any CPU.Build.0 = Debug|Any CPU
		{F7B93DDF-6BD4-6D60-28CF-921A520391B3}.Release|Any CPU.ActiveCfg = Release|Any CPU
		{F7B93DDF-6BD4-6D60-28CF-921A520391B3}.Release|Any CPU.Build.0 = Release|Any CPU
	EndGlobalSection
	GlobalSection(SolutionProperties) = preSolution
		HideSolutionNode = FALSE
	EndGlobalSection
EndGlobal
